{
	"name": "regexp-composer",
	"version": "0.4.0",
	"lockfileVersion": 3,
	"requires": true,
	"packages": {
		"": {
			"name": "regexp-composer",
			"version": "0.4.0",
			"license": "MIT",
			"devDependencies": {
				"@types/node": "^26.1.2"
			}
		},
		"node_modules/@types/node": {
			"version": "26.1.2",
			"dev": true,
			"license": "MIT",
			"dependencies": {
				"undici-types": "~8.3.0"
			}
		},
		"node_modules/undici-types": {
			"version": "8.3.0",
			"dev": true,
			"license": "MIT"
		}
	}
}
